// !$*UTF8*$!
{
	archiveVersion = 1;
	classes = {
	};
	objectVersion = 48;
	objects = {

/* Begin PBXBuildFile section */
		6B7D97AF2EF2F2495CF8A7AC /* Pods_Daily_Readings.framework in Frameworks */ = {isa = PBXBuildFile; fileRef = 602B7A83A5C21F90E00B25F4 /* Pods_Daily_Readings.framework */; };
		D128E0B51FA1779E00D636C4 /* Extension.swift in Sources */ = {isa = PBXBuildFile; fileRef = D128E0B41FA1779E00D636C4 /* Extension.swift */; };
		D128E0BF1FA23F5200D636C4 /* GoogleService-Info.plist in Resources */ = {isa = PBXBuildFile; fileRef = D128E0BE1FA23F5200D636C4 /* GoogleService-Info.plist */; };
		D128E0C11FA2424A00D636C4 /* MainTabBarController.swift in Sources */ = {isa = PBXBuildFile; fileRef = D128E0C01FA2424A00D636C4 /* MainTabBarController.swift */; };
		D128E0C31FA2439200D636C4 /* DailyReadingsController.swift in Sources */ = {isa = PBXBuildFile; fileRef = D128E0C21FA2439200D636C4 /* DailyReadingsController.swift */; };
		D128E0C51FA2478600D636C4 /* DailyReadingsCell.swift in Sources */ = {isa = PBXBuildFile; fileRef = D128E0C41FA2478600D636C4 /* DailyReadingsCell.swift */; };
		D128E0C71FA2547A00D636C4 /* ReadingsContent.swift in Sources */ = {isa = PBXBuildFile; fileRef = D128E0C61FA2547A00D636C4 /* ReadingsContent.swift */; };
		D1622E0C1FA11EBB0079A6ED /* AppDelegate.swift in Sources */ = {isa = PBXBuildFile; fileRef = D1622E0B1FA11EBB0079A6ED /* AppDelegate.swift */; };
		D1622E0E1FA11EBB0079A6ED /* ViewController.swift in Sources */ = {isa = PBXBuildFile; fileRef = D1622E0D1FA11EBB0079A6ED /* ViewController.swift */; };
		D1622E111FA11EBB0079A6ED /* Main.storyboard in Resources */ = {isa = PBXBuildFile; fileRef = D1622E0F1FA11EBB0079A6ED /* Main.storyboard */; };
		D1622E131FA11EBB0079A6ED /* Assets.xcassets in Resources */ = {isa = PBXBuildFile; fileRef = D1622E121FA11EBB0079A6ED /* Assets.xcassets */; };
		D1622E161FA11EBB0079A6ED /* LaunchScreen.storyboard in Resources */ = {isa = PBXBuildFile; fileRef = D1622E141FA11EBB0079A6ED /* LaunchScreen.storyboard */; };
		D1FDB6A41FAAD0FF00CC1A69 /* ReadingsDisplayController.swift in Sources */ = {isa = PBXBuildFile; fileRef = D1FDB6A31FAAD0FF00CC1A69 /* ReadingsDisplayController.swift */; };
		D1FDB6A61FAAD32300CC1A69 /* ReadingsDisplayCell.swift in Sources */ = {isa = PBXBuildFile; fileRef = D1FDB6A51FAAD32300CC1A69 /* ReadingsDisplayCell.swift */; };
		D1FDB6A81FAB8D6800CC1A69 /* Section.swift in Sources */ = {isa = PBXBuildFile; fileRef = D1FDB6A71FAB8D6800CC1A69 /* Section.swift */; };
		D1FDB6AA1FAB939F00CC1A69 /* HeaderCell.swift in Sources */ = {isa = PBXBuildFile; fileRef = D1FDB6A91FAB939F00CC1A69 /* HeaderCell.swift */; };
		D1FDB6AC1FACCBB600CC1A69 /* CustomImageView.swift in Sources */ = {isa = PBXBuildFile; fileRef = D1FDB6AB1FACCBB600CC1A69 /* CustomImageView.swift */; };
		D1FDB6AE1FB251CF00CC1A69 /* NewsFeedController.swift in Sources */ = {isa = PBXBuildFile; fileRef = D1FDB6AD1FB251CF00CC1A69 /* NewsFeedController.swift */; };
		D1FDB6B01FB253CC00CC1A69 /* NewsFeedCell.swift in Sources */ = {isa = PBXBuildFile; fileRef = D1FDB6AF1FB253CC00CC1A69 /* NewsFeedCell.swift */; };
		D1FDB6B21FB2546700CC1A69 /* RSSItem.swift in Sources */ = {isa = PBXBuildFile; fileRef = D1FDB6B11FB2546700CC1A69 /* RSSItem.swift */; };
		D1FDB6B41FB25E5300CC1A69 /* XMLFeedParser.swift in Sources */ = {isa = PBXBuildFile; fileRef = D1FDB6B31FB25E5300CC1A69 /* XMLFeedParser.swift */; };
/* End PBXBuildFile section */

/* Begin PBXFileReference section */
		602B7A83A5C21F90E00B25F4 /* Pods_Daily_Readings.framework */ = {isa = PBXFileReference; explicitFileType = wrapper.framework; includeInIndex = 0; path = Pods_Daily_Readings.framework; sourceTree = BUILT_PRODUCTS_DIR; };
		87496FC59BDC669642DFB5D6 /* Pods-Daily Readings.release.xcconfig */ = {isa = PBXFileReference; includeInIndex = 1; lastKnownFileType = text.xcconfig; name = "Pods-Daily Readings.release.xcconfig"; path = "Pods/Target Support Files/Pods-Daily Readings/Pods-Daily Readings.release.xcconfig"; sourceTree = "<group>"; };
		8C3F0835DE5955DE151686F2 /* Pods-Daily Readings.debug.xcconfig */ = {isa = PBXFileReference; includeInIndex = 1; lastKnownFileType = text.xcconfig; name = "Pods-Daily Readings.debug.xcconfig"; path = "Pods/Target Support Files/Pods-Daily Readings/Pods-Daily Readings.debug.xcconfig"; sourceTree = "<group>"; };
		D128E0B41FA1779E00D636C4 /* Extension.swift */ = {isa = PBXFileReference; lastKnownFileType = sourcecode.swift; path = Extension.swift; sourceTree = "<group>"; };
		D128E0BE1FA23F5200D636C4 /* GoogleService-Info.plist */ = {isa = PBXFileReference; fileEncoding = 4; lastKnownFileType = text.plist.xml; path = "GoogleService-Info.plist"; sourceTree = "<group>"; };
		D128E0C01FA2424A00D636C4 /* MainTabBarController.swift */ = {isa = PBXFileReference; lastKnownFileType = sourcecode.swift; path = MainTabBarController.swift; sourceTree = "<group>"; };
		D128E0C21FA2439200D636C4 /* DailyReadingsController.swift */ = {isa = PBXFileReference; lastKnownFileType = sourcecode.swift; path = DailyReadingsController.swift; sourceTree = "<group>"; };
		D128E0C41FA2478600D636C4 /* DailyReadingsCell.swift */ = {isa = PBXFileReference; lastKnownFileType = sourcecode.swift; path = DailyReadingsCell.swift; sourceTree = "<group>"; };
		D128E0C61FA2547A00D636C4 /* ReadingsContent.swift */ = {isa = PBXFileReference; lastKnownFileType = sourcecode.swift; path = ReadingsContent.swift; sourceTree = "<group>"; };
		D1622E081FA11EBB0079A6ED /* Daily Readings.app */ = {isa = PBXFileReference; explicitFileType = wrapper.application; includeInIndex = 0; path = "Daily Readings.app"; sourceTree = BUILT_PRODUCTS_DIR; };
		D1622E0B1FA11EBB0079A6ED /* AppDelegate.swift */ = {isa = PBXFileReference; lastKnownFileType = sourcecode.swift; path = AppDelegate.swift; sourceTree = "<group>"; };
		D1622E0D1FA11EBB0079A6ED /* ViewController.swift */ = {isa = PBXFileReference; lastKnownFileType = sourcecode.swift; path = ViewController.swift; sourceTree = "<group>"; };
		D1622E101FA11EBB0079A6ED /* Base */ = {isa = PBXFileReference; lastKnownFileType = file.storyboard; name = Base; path = Base.lproj/Main.storyboard; sourceTree = "<group>"; };
		D1622E121FA11EBB0079A6ED /* Assets.xcassets */ = {isa = PBXFileReference; lastKnownFileType = folder.assetcatalog; path = Assets.xcassets; sourceTree = "<group>"; };
		D1622E151FA11EBB0079A6ED /* Base */ = {isa = PBXFileReference; lastKnownFileType = file.storyboard; name = Base; path = Base.lproj/LaunchScreen.storyboard; sourceTree = "<group>"; };
		D1622E171FA11EBB0079A6ED /* Info.plist */ = {isa = PBXFileReference; lastKnownFileType = text.plist.xml; path = Info.plist; sourceTree = "<group>"; };
		D1FDB6A31FAAD0FF00CC1A69 /* ReadingsDisplayController.swift */ = {isa = PBXFileReference; lastKnownFileType = sourcecode.swift; path = ReadingsDisplayController.swift; sourceTree = "<group>"; };
		D1FDB6A51FAAD32300CC1A69 /* ReadingsDisplayCell.swift */ = {isa = PBXFileReference; lastKnownFileType = sourcecode.swift; path = ReadingsDisplayCell.swift; sourceTree = "<group>"; };
		D1FDB6A71FAB8D6800CC1A69 /* Section.swift */ = {isa = PBXFileReference; lastKnownFileType = sourcecode.swift; path = Section.swift; sourceTree = "<group>"; };
		D1FDB6A91FAB939F00CC1A69 /* HeaderCell.swift */ = {isa = PBXFileReference; lastKnownFileType = sourcecode.swift; path = HeaderCell.swift; sourceTree = "<group>"; };
		D1FDB6AB1FACCBB600CC1A69 /* CustomImageView.swift */ = {isa = PBXFileReference; lastKnownFileType = sourcecode.swift; path = CustomImageView.swift; sourceTree = "<group>"; };
		D1FDB6AD1FB251CF00CC1A69 /* NewsFeedController.swift */ = {isa = PBXFileReference; lastKnownFileType = sourcecode.swift; path = NewsFeedController.swift; sourceTree = "<group>"; };
		D1FDB6AF1FB253CC00CC1A69 /* NewsFeedCell.swift */ = {isa = PBXFileReference; lastKnownFileType = sourcecode.swift; path = NewsFeedCell.swift; sourceTree = "<group>"; };
		D1FDB6B11FB2546700CC1A69 /* RSSItem.swift */ = {isa = PBXFileReference; lastKnownFileType = sourcecode.swift; path = RSSItem.swift; sourceTree = "<group>"; };
		D1FDB6B31FB25E5300CC1A69 /* XMLFeedParser.swift */ = {isa = PBXFileReference; lastKnownFileType = sourcecode.swift; path = XMLFeedParser.swift; sourceTree = "<group>"; };
/* End PBXFileReference section */

/* Begin PBXFrameworksBuildPhase section */
		D1622E051FA11EBB0079A6ED /* Frameworks */ = {
			isa = PBXFrameworksBuildPhase;
			buildActionMask = 2147483647;
			files = (
				6B7D97AF2EF2F2495CF8A7AC /* Pods_Daily_Readings.framework in Frameworks */,
			);
			runOnlyForDeploymentPostprocessing = 0;
		};
/* End PBXFrameworksBuildPhase section */

/* Begin PBXGroup section */
		31FA52BF32787BF310AB66F2 /* Pods */ = {
			isa = PBXGroup;
			children = (
				8C3F0835DE5955DE151686F2 /* Pods-Daily Readings.debug.xcconfig */,
				87496FC59BDC669642DFB5D6 /* Pods-Daily Readings.release.xcconfig */,
			);
			name = Pods;
			sourceTree = "<group>";
		};
		5AD8E06B1E91B3E2C7F1EDBE /* Frameworks */ = {
			isa = PBXGroup;
			children = (
				602B7A83A5C21F90E00B25F4 /* Pods_Daily_Readings.framework */,
			);
			name = Frameworks;
			sourceTree = "<group>";
		};
		D128E0B21FA1777A00D636C4 /* Utilities */ = {
			isa = PBXGroup;
			children = (
				D128E0B41FA1779E00D636C4 /* Extension.swift */,
				D1FDB6AB1FACCBB600CC1A69 /* CustomImageView.swift */,
				D1FDB6B31FB25E5300CC1A69 /* XMLFeedParser.swift */,
			);
			path = Utilities;
			sourceTree = "<group>";
		};
		D1622DFF1FA11EBB0079A6ED = {
			isa = PBXGroup;
			children = (
				D1622E0A1FA11EBB0079A6ED /* Daily Readings */,
				D1622E091FA11EBB0079A6ED /* Products */,
				31FA52BF32787BF310AB66F2 /* Pods */,
				5AD8E06B1E91B3E2C7F1EDBE /* Frameworks */,
			);
			sourceTree = "<group>";
		};
		D1622E091FA11EBB0079A6ED /* Products */ = {
			isa = PBXGroup;
			children = (
				D1622E081FA11EBB0079A6ED /* Daily Readings.app */,
			);
			name = Products;
			sourceTree = "<group>";
		};
		D1622E0A1FA11EBB0079A6ED /* Daily Readings */ = {
			isa = PBXGroup;
			children = (
				D128E0B21FA1777A00D636C4 /* Utilities */,
				D1622E1F1FA122B10079A6ED /* Controller */,
				D1622E1E1FA122AB0079A6ED /* View */,
				D1622E1D1FA122A40079A6ED /* Model */,
				D1622E0B1FA11EBB0079A6ED /* AppDelegate.swift */,
				D1622E0F1FA11EBB0079A6ED /* Main.storyboard */,
				D1622E121FA11EBB0079A6ED /* Assets.xcassets */,
				D1622E141FA11EBB0079A6ED /* LaunchScreen.storyboard */,
				D1622E171FA11EBB0079A6ED /* Info.plist */,
				D128E0BE1FA23F5200D636C4 /* GoogleService-Info.plist */,
			);
			path = "Daily Readings";
			sourceTree = "<group>";
		};
		D1622E1D1FA122A40079A6ED /* Model */ = {
			isa = PBXGroup;
			children = (
				D128E0C61FA2547A00D636C4 /* ReadingsContent.swift */,
				D1FDB6A71FAB8D6800CC1A69 /* Section.swift */,
				D1FDB6B11FB2546700CC1A69 /* RSSItem.swift */,
			);
			path = Model;
			sourceTree = "<group>";
		};
		D1622E1E1FA122AB0079A6ED /* View */ = {
			isa = PBXGroup;
			children = (
				D128E0C41FA2478600D636C4 /* DailyReadingsCell.swift */,
				D1FDB6A51FAAD32300CC1A69 /* ReadingsDisplayCell.swift */,
				D1FDB6A91FAB939F00CC1A69 /* HeaderCell.swift */,
				D1FDB6AF1FB253CC00CC1A69 /* NewsFeedCell.swift */,
			);
			path = View;
			sourceTree = "<group>";
		};
		D1622E1F1FA122B10079A6ED /* Controller */ = {
			isa = PBXGroup;
			children = (
				D1622E0D1FA11EBB0079A6ED /* ViewController.swift */,
				D128E0C01FA2424A00D636C4 /* MainTabBarController.swift */,
				D128E0C21FA2439200D636C4 /* DailyReadingsController.swift */,
				D1FDB6A31FAAD0FF00CC1A69 /* ReadingsDisplayController.swift */,
				D1FDB6AD1FB251CF00CC1A69 /* NewsFeedController.swift */,
			);
			path = Controller;
			sourceTree = "<group>";
		};
/* End PBXGroup section */

/* Begin PBXNativeTarget section */
		D1622E071FA11EBB0079A6ED /* Daily Readings */ = {
			isa = PBXNativeTarget;
			buildConfigurationList = D1622E1A1FA11EBB0079A6ED /* Build configuration list for PBXNativeTarget "Daily Readings" */;
			buildPhases = (
				C9DE833027C8CBFF805BDF1E /* [CP] Check Pods Manifest.lock */,
				D1622E041FA11EBB0079A6ED /* Sources */,
				D1622E051FA11EBB0079A6ED /* Frameworks */,
				D1622E061FA11EBB0079A6ED /* Resources */,
				FB47A9C285BA31A08810395C /* [CP] Embed Pods Frameworks */,
				5B1FCE2FF5D4CA724957F9B9 /* [CP] Copy Pods Resources */,
			);
			buildRules = (
			);
			dependencies = (
			);
			name = "Daily Readings";
			productName = "Daily Readings";
			productReference = D1622E081FA11EBB0079A6ED /* Daily Readings.app */;
			productType = "com.apple.product-type.application";
		};
/* End PBXNativeTarget section */

/* Begin PBXProject section */
		D1622E001FA11EBB0079A6ED /* Project object */ = {
			isa = PBXProject;
			attributes = {
				LastSwiftUpdateCheck = 0900;
				LastUpgradeCheck = 0900;
				ORGANIZATIONNAME = PoGo;
				TargetAttributes = {
					D1622E071FA11EBB0079A6ED = {
						CreatedOnToolsVersion = 9.0.1;
						ProvisioningStyle = Automatic;
					};
				};
			};
			buildConfigurationList = D1622E031FA11EBB0079A6ED /* Build configuration list for PBXProject "Daily Readings" */;
			compatibilityVersion = "Xcode 8.0";
			developmentRegion = en;
			hasScannedForEncodings = 0;
			knownRegions = (
				en,
				Base,
			);
			mainGroup = D1622DFF1FA11EBB0079A6ED;
			productRefGroup = D1622E091FA11EBB0079A6ED /* Products */;
			projectDirPath = "";
			projectRoot = "";
			targets = (
				D1622E071FA11EBB0079A6ED /* Daily Readings */,
			);
		};
/* End PBXProject section */

/* Begin PBXResourcesBuildPhase section */
		D1622E061FA11EBB0079A6ED /* Resources */ = {
			isa = PBXResourcesBuildPhase;
			buildActionMask = 2147483647;
			files = (
				D1622E161FA11EBB0079A6ED /* LaunchScreen.storyboard in Resources */,
				D128E0BF1FA23F5200D636C4 /* GoogleService-Info.plist in Resources */,
				D1622E131FA11EBB0079A6ED /* Assets.xcassets in Resources */,
				D1622E111FA11EBB0079A6ED /* Main.storyboard in Resources */,
			);
			runOnlyForDeploymentPostprocessing = 0;
		};
/* End PBXResourcesBuildPhase section */

/* Begin PBXShellScriptBuildPhase section */
		5B1FCE2FF5D4CA724957F9B9 /* [CP] Copy Pods Resources */ = {
			isa = PBXShellScriptBuildPhase;
			buildActionMask = 2147483647;
			files = (
			);
			inputPaths = (
			);
			name = "[CP] Copy Pods Resources";
			outputPaths = (
			);
			runOnlyForDeploymentPostprocessing = 0;
			shellPath = /bin/sh;
			shellScript = "\"${SRCROOT}/Pods/Target Support Files/Pods-Daily Readings/Pods-Daily Readings-resources.sh\"\n";
			showEnvVarsInLog = 0;
		};
		C9DE833027C8CBFF805BDF1E /* [CP] Check Pods Manifest.lock */ = {
			isa = PBXShellScriptBuildPhase;
			buildActionMask = 2147483647;
			files = (
			);
			inputPaths = (
			);
			name = "[CP] Check Pods Manifest.lock";
			outputPaths = (
			);
			runOnlyForDeploymentPostprocessing = 0;
			shellPath = /bin/sh;
			shellScript = "diff \"${PODS_ROOT}/../Podfile.lock\" \"${PODS_ROOT}/Manifest.lock\" > /dev/null\nif [ $? != 0 ] ; then\n    # print error to STDERR\n    echo \"error: The sandbox is not in sync with the Podfile.lock. Run 'pod install' or update your CocoaPods installation.\" >&2\n    exit 1\nfi\n";
			showEnvVarsInLog = 0;
		};
		FB47A9C285BA31A08810395C /* [CP] Embed Pods Frameworks */ = {
			isa = PBXShellScriptBuildPhase;
			buildActionMask = 2147483647;
			files = (
			);
			inputPaths = (
			);
			name = "[CP] Embed Pods Frameworks";
			outputPaths = (
			);
			runOnlyForDeploymentPostprocessing = 0;
			shellPath = /bin/sh;
			shellScript = "\"${SRCROOT}/Pods/Target Support Files/Pods-Daily Readings/Pods-Daily Readings-frameworks.sh\"\n";
			showEnvVarsInLog = 0;
		};
/* End PBXShellScriptBuildPhase section */

/* Begin PBXSourcesBuildPhase section */
		D1622E041FA11EBB0079A6ED /* Sources */ = {
			isa = PBXSourcesBuildPhase;
			buildActionMask = 2147483647;
			files = (
				D1FDB6B41FB25E5300CC1A69 /* XMLFeedParser.swift in Sources */,
				D128E0C51FA2478600D636C4 /* DailyReadingsCell.swift in Sources */,
				D1FDB6AC1FACCBB600CC1A69 /* CustomImageView.swift in Sources */,
				D1FDB6A41FAAD0FF00CC1A69 /* ReadingsDisplayController.swift in Sources */,
				D128E0B51FA1779E00D636C4 /* Extension.swift in Sources */,
				D1FDB6B01FB253CC00CC1A69 /* NewsFeedCell.swift in Sources */,
				D128E0C71FA2547A00D636C4 /* ReadingsContent.swift in Sources */,
				D1622E0E1FA11EBB0079A6ED /* ViewController.swift in Sources */,
				D1FDB6B21FB2546700CC1A69 /* RSSItem.swift in Sources */,
				D1FDB6A81FAB8D6800CC1A69 /* Section.swift in Sources */,
				D128E0C11FA2424A00D636C4 /* MainTabBarController.swift in Sources */,
				D1622E0C1FA11EBB0079A6ED /* AppDelegate.swift in Sources */,
				D1FDB6A61FAAD32300CC1A69 /* ReadingsDisplayCell.swift in Sources */,
				D1FDB6AA1FAB939F00CC1A69 /* HeaderCell.swift in Sources */,
				D128E0C31FA2439200D636C4 /* DailyReadingsController.swift in Sources */,
				D1FDB6AE1FB251CF00CC1A69 /* NewsFeedController.swift in Sources */,
			);
			runOnlyForDeploymentPostprocessing = 0;
		};
/* End PBXSourcesBuildPhase section */

/* Begin PBXVariantGroup section */
		D1622E0F1FA11EBB0079A6ED /* Main.storyboard */ = {
			isa = PBXVariantGroup;
			children = (
				D1622E101FA11EBB0079A6ED /* Base */,
			);
			name = Main.storyboard;
			sourceTree = "<group>";
		};
		D1622E141FA11EBB0079A6ED /* LaunchScreen.storyboard */ = {
			isa = PBXVariantGroup;
			children = (
				D1622E151FA11EBB0079A6ED /* Base */,
			);
			name = LaunchScreen.storyboard;
			sourceTree = "<group>";
		};
/* End PBXVariantGroup section */

/* Begin XCBuildConfiguration section */
		D1622E181FA11EBB0079A6ED /* Debug */ = {
			isa = XCBuildConfiguration;
			buildSettings = {
				ALWAYS_SEARCH_USER_PATHS = NO;
				CLANG_ANALYZER_NONNULL = YES;
				CLANG_ANALYZER_NUMBER_OBJECT_CONVERSION = YES_AGGRESSIVE;
				CLANG_CXX_LANGUAGE_STANDARD = "gnu++14";
				CLANG_CXX_LIBRARY = "libc++";
				CLANG_ENABLE_MODULES = YES;
				CLANG_ENABLE_OBJC_ARC = YES;
				CLANG_WARN_BLOCK_CAPTURE_AUTORELEASING = YES;
				CLANG_WARN_BOOL_CONVERSION = YES;
				CLANG_WARN_COMMA = YES;
				CLANG_WARN_CONSTANT_CONVERSION = YES;
				CLANG_WARN_DIRECT_OBJC_ISA_USAGE = YES_ERROR;
				CLANG_WARN_DOCUMENTATION_COMMENTS = YES;
				CLANG_WARN_EMPTY_BODY = YES;
				CLANG_WARN_ENUM_CONVERSION = YES;
				CLANG_WARN_INFINITE_RECURSION = YES;
				CLANG_WARN_INT_CONVERSION = YES;
				CLANG_WARN_NON_LITERAL_NULL_CONVERSION = YES;
				CLANG_WARN_OBJC_LITERAL_CONVERSION = YES;
				CLANG_WARN_OBJC_ROOT_CLASS = YES_ERROR;
				CLANG_WARN_RANGE_LOOP_ANALYSIS = YES;
				CLANG_WARN_STRICT_PROTOTYPES = YES;
				CLANG_WARN_SUSPICIOUS_MOVE = YES;
				CLANG_WARN_UNGUARDED_AVAILABILITY = YES_AGGRESSIVE;
				CLANG_WARN_UNREACHABLE_CODE = YES;
				CLANG_WARN__DUPLICATE_METHOD_MATCH = YES;
				CODE_SIGN_IDENTITY = "iPhone Developer";
				COPY_PHASE_STRIP = NO;
				DEBUG_INFORMATION_FORMAT = dwarf;
				ENABLE_STRICT_OBJC_MSGSEND = YES;
				ENABLE_TESTABILITY = YES;
				GCC_C_LANGUAGE_STANDARD = gnu11;
				GCC_DYNAMIC_NO_PIC = NO;
				GCC_NO_COMMON_BLOCKS = YES;
				GCC_OPTIMIZATION_LEVEL = 0;
				GCC_PREPROCESSOR_DEFINITIONS = (
					"DEBUG=1",
					"$(inherited)",
				);
				GCC_WARN_64_TO_32_BIT_CONVERSION = YES;
				GCC_WARN_ABOUT_RETURN_TYPE = YES_ERROR;
				GCC_WARN_UNDECLARED_SELECTOR = YES;
				GCC_WARN_UNINITIALIZED_AUTOS = YES_AGGRESSIVE;
				GCC_WARN_UNUSED_FUNCTION = YES;
				GCC_WARN_UNUSED_VARIABLE = YES;
				IPHONEOS_DEPLOYMENT_TARGET = 11.0;
				MTL_ENABLE_DEBUG_INFO = YES;
				ONLY_ACTIVE_ARCH = YES;
				SDKROOT = iphoneos;
				SWIFT_ACTIVE_COMPILATION_CONDITIONS = DEBUG;
				SWIFT_OPTIMIZATION_LEVEL = "-Onone";
			};
			name = Debug;
		};
		D1622E191FA11EBB0079A6ED /* Release */ = {
			isa = XCBuildConfiguration;
			buildSettings = {
				ALWAYS_SEARCH_USER_PATHS = NO;
				CLANG_ANALYZER_NONNULL = YES;
				CLANG_ANALYZER_NUMBER_OBJECT_CONVERSION = YES_AGGRESSIVE;
				CLANG_CXX_LANGUAGE_STANDARD = "gnu++14";
				CLANG_CXX_LIBRARY = "libc++";
				CLANG_ENABLE_MODULES = YES;
				CLANG_ENABLE_OBJC_ARC = YES;
				CLANG_WARN_BLOCK_CAPTURE_AUTORELEASING = YES;
				CLANG_WARN_BOOL_CONVERSION = YES;
				CLANG_WARN_COMMA = YES;
				CLANG_WARN_CONSTANT_CONVERSION = YES;
				CLANG_WARN_DIRECT_OBJC_ISA_USAGE = YES_ERROR;
				CLANG_WARN_DOCUMENTATION_COMMENTS = YES;
				CLANG_WARN_EMPTY_BODY = YES;
				CLANG_WARN_ENUM_CONVERSION = YES;
				CLANG_WARN_INFINITE_RECURSION = YES;
				CLANG_WARN_INT_CONVERSION = YES;
				CLANG_WARN_NON_LITERAL_NULL_CONVERSION = YES;
				CLANG_WARN_OBJC_LITERAL_CONVERSION = YES;
				CLANG_WARN_OBJC_ROOT_CLASS = YES_ERROR;
				CLANG_WARN_RANGE_LOOP_ANALYSIS = YES;
				CLANG_WARN_STRICT_PROTOTYPES = YES;
				CLANG_WARN_SUSPICIOUS_MOVE = YES;
				CLANG_WARN_UNGUARDED_AVAILABILITY = YES_AGGRESSIVE;
				CLANG_WARN_UNREACHABLE_CODE = YES;
				CLANG_WARN__DUPLICATE_METHOD_MATCH = YES;
				CODE_SIGN_IDENTITY = "iPhone Developer";
				COPY_PHASE_STRIP = NO;
				DEBUG_INFORMATION_FORMAT = "dwarf-with-dsym";
				ENABLE_NS_ASSERTIONS = NO;
				ENABLE_STRICT_OBJC_MSGSEND = YES;
				GCC_C_LANGUAGE_STANDARD = gnu11;
				GCC_NO_COMMON_BLOCKS = YES;
				GCC_WARN_64_TO_32_BIT_CONVERSION = YES;
				GCC_WARN_ABOUT_RETURN_TYPE = YES_ERROR;
				GCC_WARN_UNDECLARED_SELECTOR = YES;
				GCC_WARN_UNINITIALIZED_AUTOS = YES_AGGRESSIVE;
				GCC_WARN_UNUSED_FUNCTION = YES;
				GCC_WARN_UNUSED_VARIABLE = YES;
				IPHONEOS_DEPLOYMENT_TARGET = 11.0;
				MTL_ENABLE_DEBUG_INFO = NO;
				SDKROOT = iphoneos;
				SWIFT_OPTIMIZATION_LEVEL = "-Owholemodule";
				VALIDATE_PRODUCT = YES;
			};
			name = Release;
		};
		D1622E1B1FA11EBB0079A6ED /* Debug */ = {
			isa = XCBuildConfiguration;
			baseConfigurationReference = 8C3F0835DE5955DE151686F2 /* Pods-Daily Readings.debug.xcconfig */;
			buildSettings = {
				ASSETCATALOG_COMPILER_APPICON_NAME = AppIcon;
				CLANG_USE_OPTIMIZATION_PROFILE = YES;
				CODE_SIGN_STYLE = Automatic;
				DEVELOPMENT_TEAM = 6MD343B76Q;
				INFOPLIST_FILE = "Daily Readings/Info.plist";
				IPHONEOS_DEPLOYMENT_TARGET = 10.3;
				LD_RUNPATH_SEARCH_PATHS = "$(inherited) @executable_path/Frameworks";
				PRODUCT_BUNDLE_IDENTIFIER = "KevinVu.Daily-Readings";
				PRODUCT_NAME = "$(TARGET_NAME)";
				SWIFT_VERSION = 4.0;
				TARGETED_DEVICE_FAMILY = "1,2";
			};
			name = Debug;
		};
		D1622E1C1FA11EBB0079A6ED /* Release */ = {
			isa = XCBuildConfiguration;
			baseConfigurationReference = 87496FC59BDC669642DFB5D6 /* Pods-Daily Readings.release.xcconfig */;
			buildSettings = {
				ASSETCATALOG_COMPILER_APPICON_NAME = AppIcon;
				CLANG_USE_OPTIMIZATION_PROFILE = YES;
				CODE_SIGN_STYLE = Automatic;
				DEVELOPMENT_TEAM = 6MD343B76Q;
				INFOPLIST_FILE = "Daily Readings/Info.plist";
				IPHONEOS_DEPLOYMENT_TARGET = 10.3;
				LD_RUNPATH_SEARCH_PATHS = "$(inherited) @executable_path/Frameworks";
				PRODUCT_BUNDLE_IDENTIFIER = "KevinVu.Daily-Readings";
				PRODUCT_NAME = "$(TARGET_NAME)";
				SWIFT_VERSION = 4.0;
				TARGETED_DEVICE_FAMILY = "1,2";
			};
			name = Release;
		};
/* End XCBuildConfiguration section */

/* Begin XCConfigurationList section */
		D1622E031FA11EBB0079A6ED /* Build configuration list for PBXProject "Daily Readings" */ = {
			isa = XCConfigurationList;
			buildConfigurations = (
				D1622E181FA11EBB0079A6ED /* Debug */,
				D1622E191FA11EBB0079A6ED /* Release */,
			);
			defaultConfigurationIsVisible = 0;
			defaultConfigurationName = Release;
		};
		D1622E1A1FA11EBB0079A6ED /* Build configuration list for PBXNativeTarget "Daily Readings" */ = {
			isa = XCConfigurationList;
			buildConfigurations = (
				D1622E1B1FA11EBB0079A6ED /* Debug */,
				D1622E1C1FA11EBB0079A6ED /* Release */,
			);
			defaultConfigurationIsVisible = 0;
			defaultConfigurationName = Release;
		};
/* End XCConfigurationList section */
	};
	rootObject = D1622E001FA11EBB0079A6ED /* Project object */;
}
